
Microsoft Visual Studio Solution File, Format Version 12.00
# Visual Studio 14
VisualStudioVersion = 14.0.25420.1
MinimumVisualStudioVersion = 10.0.40219.1
Project("{FAE04EC0-301F-11D3-BF4B-00C04F79EFBC}") = "JDCloudSDK.Core.Signer.VS2015", "Core\JDCloudSDK.Core.Signer.VS2015.csproj", "{95DF2317-4C3F-4636-B1C2-5D96FE09256D}"
EndProject
Project("{FAE04EC0-301F-11D3-BF4B-00C04F79EFBC}") = "NetFrameworkTest", "Test\NetFrameWork\NetFrameworkTest\NetFrameworkTest.csproj", "{801F5103-87A1-41D9-B4B3-07A1BBCD5CFB}"
EndProject
Project("{FAE04EC0-301F-11D3-BF4B-00C04F79EFBC}") = "ConsoleTestFramework2", "Test\ConsoleTestFramework2\ConsoleTestFramework2.csproj", "{B384F81E-1414-4A78-9308-3C14621A0509}"
EndProject
Global
	GlobalSection(SolutionConfigurationPlatforms) = preSolution
		Debug|Any CPU = Debug|Any CPU
		Release|Any CPU = Release|Any CPU
	EndGlobalSection
	GlobalSection(ProjectConfigurationPlatforms) = postSolution
		{95DF2317-4C3F-4636-B1C2-5D96FE09256D}.Debug|Any CPU.ActiveCfg = Debug|Any CPU
		{95DF2317-4C3F-4636-B1C2-5D96FE09256D}.Debug|Any CPU.Build.0 = Debug|Any CPU
		{95DF2317-4C3F-4636-B1C2-5D96FE09256D}.Release|Any CPU.ActiveCfg = Release|Any CPU
		{95DF2317-4C3F-4636-B1C2-5D96FE09256D}.Release|Any CPU.Build.0 = Release|Any CPU
		{801F5103-87A1-41D9-B4B3-07A1BBCD5CFB}.Debug|Any CPU.ActiveCfg = Debug|Any CPU
		{801F5103-87A1-41D9-B4B3-07A1BBCD5CFB}.Debug|Any CPU.Build.0 = Debug|Any CPU
		{801F5103-87A1-41D9-B4B3-07A1BBCD5CFB}.Release|Any CPU.ActiveCfg = Release|Any CPU
		{801F5103-87A1-41D9-B4B3-07A1BBCD5CFB}.Release|Any CPU.Build.0 = Release|Any CPU
		{B384F81E-1414-4A78-9308-3C14621A0509}.Debug|Any CPU.ActiveCfg = Debug|Any CPU
		{B384F81E-1414-4A78-9308-3C14621A0509}.Debug|Any CPU.Build.0 = Debug|Any CPU
		{B384F81E-1414-4A78-9308-3C14621A0509}.Release|Any CPU.ActiveCfg = Release|Any CPU
		{B384F81E-1414-4A78-9308-3C14621A0509}.Release|Any CPU.Build.0 = Release|Any CPU
	EndGlobalSection
	GlobalSection(SolutionProperties) = preSolution
		HideSolutionNode = FALSE
	EndGlobalSection
EndGlobal
